
Microsoft Visual Studio Solution File, Format Version 12.00
# Visual Studio Version 16
VisualStudioVersion = 16.0.31624.102
MinimumVisualStudioVersion = 10.0.40219.1
Project("{FAE04EC0-301F-11D3-BF4B-00C04F79EFBC}") = "ContosoUniversityApi", "ContosoUniversityApi\ContosoUniversityApi.csproj", "{BBF30D0C-82B8-46D8-B961-19D8BA57F620}"
EndProject
Project("{FAE04EC0-301F-11D3-BF4B-00C04F79EFBC}") = "ContosoUniversityApi.IntegrationTests", "ContosoUniversityApi.IntegrationTests\ContosoUniversityApi.IntegrationTests.csproj", "{02E24EDA-7133-4BE7-A488-AA73CFAF2F1B}"
EndProject
Global
	GlobalSection(SolutionConfigurationPlatforms) = preSolution
		Debug|Any CPU = Debug|Any CPU
		Release|Any CPU = Release|Any CPU
	EndGlobalSection
	GlobalSection(ProjectConfigurationPlatforms) = postSolution
		{BBF30D0C-82B8-46D8-B961-19D8BA57F620}.Debug|Any CPU.ActiveCfg = Debug|Any CPU
		{BBF30D0C-82B8-46D8-B961-19D8BA57F620}.Debug|Any CPU.Build.0 = Debug|Any CPU
		{BBF30D0C-82B8-46D8-B961-19D8BA57F620}.Release|Any CPU.ActiveCfg = Release|Any CPU
		{BBF30D0C-82B8-46D8-B961-19D8BA57F620}.Release|Any CPU.Build.0 = Release|Any CPU
		{02E24EDA-7133-4BE7-A488-AA73CFAF2F1B}.Debug|Any CPU.ActiveCfg = Debug|Any CPU
		{02E24EDA-7133-4BE7-A488-AA73CFAF2F1B}.Debug|Any CPU.Build.0 = Debug|Any CPU
		{02E24EDA-7133-4BE7-A488-AA73CFAF2F1B}.Release|Any CPU.ActiveCfg = Release|Any CPU
		{02E24EDA-7133-4BE7-A488-AA73CFAF2F1B}.Release|Any CPU.Build.0 = Release|Any CPU
	EndGlobalSection
	GlobalSection(SolutionProperties) = preSolution
		HideSolutionNode = FALSE
	EndGlobalSection
	GlobalSection(ExtensibilityGlobals) = postSolution
		SolutionGuid = {F8424747-F7BC-4A21-90A8-08B1D23627C6}
	EndGlobalSection
EndGlobal
